
Microsoft Visual Studio Solution File, Format Version 12.00
# Visual Studio Version 17
VisualStudioVersion = 17.13.35913.81 d17.13
MinimumVisualStudioVersion = 10.0.40219.1
Project("{FAE04EC0-301F-11D3-BF4B-00C04F79EFBC}") = "GroupMailer", "GroupMailer.csproj", "{8728C49A-C8E4-486A-86FA-97FF3ECCD2DE}"
EndProject
Global
	GlobalSection(SolutionConfigurationPlatforms) = preSolution
		Debug|Any CPU = Debug|Any CPU
		Release|Any CPU = Release|Any CPU
	EndGlobalSection
	GlobalSection(ProjectConfigurationPlatforms) = postSolution
		{8728C49A-C8E4-486A-86FA-97FF3ECCD2DE}.Debug|Any CPU.ActiveCfg = Debug|Any CPU
		{8728C49A-C8E4-486A-86FA-97FF3ECCD2DE}.Debug|Any CPU.Build.0 = Debug|Any CPU
		{8728C49A-C8E4-486A-86FA-97FF3ECCD2DE}.Release|Any CPU.ActiveCfg = Release|Any CPU
		{8728C49A-C8E4-486A-86FA-97FF3ECCD2DE}.Release|Any CPU.Build.0 = Release|Any CPU
	EndGlobalSection
	GlobalSection(SolutionProperties) = preSolution
		HideSolutionNode = FALSE
	EndGlobalSection
	GlobalSection(ExtensibilityGlobals) = postSolution
		SolutionGuid = {EEA25E78-D59B-4889-B004-0AD5EF5F5E63}
	EndGlobalSection
EndGlobal
